
Microsoft Visual Studio Solution File, Format Version 12.00
# Visual Studio Version 17
VisualStudioVersion = 17.9.34616.47
MinimumVisualStudioVersion = 10.0.40219.1
Project("{9092AA53-FB77-4645-B42D-1CCCA6BD08BD}") = "BE_Challenge_3", "BE_Challenge_3_DB\BE_Challenge_3.njsproj", "{7AB3ED99-2343-4A62-AD93-BCB6E7AA192E}"
EndProject
Global
	GlobalSection(SolutionConfigurationPlatforms) = preSolution
		Debug|Any CPU = Debug|Any CPU
		Release|Any CPU = Release|Any CPU
	EndGlobalSection
	GlobalSection(ProjectConfigurationPlatforms) = postSolution
		{7AB3ED99-2343-4A62-AD93-BCB6E7AA192E}.Debug|Any CPU.ActiveCfg = Debug|Any CPU
		{7AB3ED99-2343-4A62-AD93-BCB6E7AA192E}.Debug|Any CPU.Build.0 = Debug|Any CPU
		{7AB3ED99-2343-4A62-AD93-BCB6E7AA192E}.Release|Any CPU.ActiveCfg = Release|Any CPU
		{7AB3ED99-2343-4A62-AD93-BCB6E7AA192E}.Release|Any CPU.Build.0 = Release|Any CPU
	EndGlobalSection
	GlobalSection(SolutionProperties) = preSolution
		HideSolutionNode = FALSE
	EndGlobalSection
	GlobalSection(ExtensibilityGlobals) = postSolution
		SolutionGuid = {225575D6-298D-4577-BC55-75F6B90DF0CF}
	EndGlobalSection
EndGlobal
